
Microsoft Visual Studio Solution File, Format Version 12.00
# Visual Studio Version 17
VisualStudioVersion = 17.11.35208.52
MinimumVisualStudioVersion = 10.0.40219.1
Project("{FAE04EC0-301F-11D3-BF4B-00C04F79EFBC}") = "GitHubAction_Net_SqlServer", "GitHubAction_Net_SqlServer\GitHubAction_Net_SqlServer.csproj", "{869ECF6D-C16F-496B-9CC9-7506EB20D05E}"
EndProject
Global
	GlobalSection(SolutionConfigurationPlatforms) = preSolution
		Debug|Any CPU = Debug|Any CPU
		Release|Any CPU = Release|Any CPU
	EndGlobalSection
	GlobalSection(ProjectConfigurationPlatforms) = postSolution
		{869ECF6D-C16F-496B-9CC9-7506EB20D05E}.Debug|Any CPU.ActiveCfg = Debug|Any CPU
		{869ECF6D-C16F-496B-9CC9-7506EB20D05E}.Debug|Any CPU.Build.0 = Debug|Any CPU
		{869ECF6D-C16F-496B-9CC9-7506EB20D05E}.Release|Any CPU.ActiveCfg = Release|Any CPU
		{869ECF6D-C16F-496B-9CC9-7506EB20D05E}.Release|Any CPU.Build.0 = Release|Any CPU
	EndGlobalSection
	GlobalSection(SolutionProperties) = preSolution
		HideSolutionNode = FALSE
	EndGlobalSection
	GlobalSection(ExtensibilityGlobals) = postSolution
		SolutionGuid = {864D4C5E-637F-4589-942B-77609987945D}
	EndGlobalSection
EndGlobal
